{
  "originHash" : "0609ce6858484413555f88bf730f22666e2fa710698d32e831b933c90579359f",
  "pins" : [
    {
      "identity" : "sgdcc",
      "kind" : "remoteSourceControl",
      "location" : "https://github.com/pclwillmott/SGDCC",
      "state" : {
        "revision" : "4fa0ff6177e816500f22b466bf721cecf8ed1ef0",
        "version" : "0.0.7"
      }
    }
  ],
  "version" : 3
}
